
Microsoft Visual Studio Solution File, Format Version 12.00
# Visual Studio 2013
VisualStudioVersion = 12.0.30723.0
MinimumVisualStudioVersion = 10.0.40219.1
Project("{FAE04EC0-301F-11D3-BF4B-00C04F79EFBC}") = "GuCalc", "GuCalc.csproj", "{058E28A2-387A-4291-9317-4A3B6BB58020}"
EndProject
Global
	GlobalSection(SolutionConfigurationPlatforms) = preSolution
		Debug|Any CPU = Debug|Any CPU
		Release|Any CPU = Release|Any CPU
	EndGlobalSection
	GlobalSection(ProjectConfigurationPlatforms) = postSolution
		{058E28A2-387A-4291-9317-4A3B6BB58020}.Debug|Any CPU.ActiveCfg = Debug|Any CPU
		{058E28A2-387A-4291-9317-4A3B6BB58020}.Debug|Any CPU.Build.0 = Debug|Any CPU
		{058E28A2-387A-4291-9317-4A3B6BB58020}.Release|Any CPU.ActiveCfg = Release|Any CPU
		{058E28A2-387A-4291-9317-4A3B6BB58020}.Release|Any CPU.Build.0 = Release|Any CPU
	EndGlobalSection
	GlobalSection(SolutionProperties) = preSolution
		HideSolutionNode = FALSE
	EndGlobalSection
EndGlobal
